
Microsoft Visual Studio Solution File, Format Version 12.00
# Visual Studio Version 16
VisualStudioVersion = 16.0.28803.202
MinimumVisualStudioVersion = 10.0.40219.1
Project("{FAE04EC0-301F-11D3-BF4B-00C04F79EFBC}") = "NTier.Core", "NTier.Core\NTier.Core.csproj", "{E00ACAC5-A9AE-42AA-808B-892AC8D7BE10}"
EndProject
Project("{FAE04EC0-301F-11D3-BF4B-00C04F79EFBC}") = "NTier.Entities", "NTier.Entities\NTier.Entities.csproj", "{398F3502-41E4-4398-B4CC-EE16095DEC44}"
EndProject
Global
	GlobalSection(SolutionConfigurationPlatforms) = preSolution
		Debug|Any CPU = Debug|Any CPU
		Release|Any CPU = Release|Any CPU
	EndGlobalSection
	GlobalSection(ProjectConfigurationPlatforms) = postSolution
		{E00ACAC5-A9AE-42AA-808B-892AC8D7BE10}.Debug|Any CPU.ActiveCfg = Debug|Any CPU
		{E00ACAC5-A9AE-42AA-808B-892AC8D7BE10}.Debug|Any CPU.Build.0 = Debug|Any CPU
		{E00ACAC5-A9AE-42AA-808B-892AC8D7BE10}.Release|Any CPU.ActiveCfg = Release|Any CPU
		{E00ACAC5-A9AE-42AA-808B-892AC8D7BE10}.Release|Any CPU.Build.0 = Release|Any CPU
		{398F3502-41E4-4398-B4CC-EE16095DEC44}.Debug|Any CPU.ActiveCfg = Debug|Any CPU
		{398F3502-41E4-4398-B4CC-EE16095DEC44}.Debug|Any CPU.Build.0 = Debug|Any CPU
		{398F3502-41E4-4398-B4CC-EE16095DEC44}.Release|Any CPU.ActiveCfg = Release|Any CPU
		{398F3502-41E4-4398-B4CC-EE16095DEC44}.Release|Any CPU.Build.0 = Release|Any CPU
	EndGlobalSection
	GlobalSection(SolutionProperties) = preSolution
		HideSolutionNode = FALSE
	EndGlobalSection
	GlobalSection(ExtensibilityGlobals) = postSolution
		SolutionGuid = {D567B3C8-FF9E-477B-9D67-50A0EE464994}
	EndGlobalSection
EndGlobal
